
Microsoft Visual Studio Solution File, Format Version 12.00
# Visual Studio 15
VisualStudioVersion = 15.0.28307.329
MinimumVisualStudioVersion = 10.0.40219.1
Project("{FAE04EC0-301F-11D3-BF4B-00C04F79EFBC}") = "WPFUI", "WPFUI\WPFUI.csproj", "{B719AB71-516F-4B7D-BD40-87B9A90E93F5}"
EndProject
Project("{FAE04EC0-301F-11D3-BF4B-00C04F79EFBC}") = "Engine", "Engine\Engine.csproj", "{BB4891EB-0C2C-4A6E-A548-212F815C8AE3}"
EndProject
Project("{FAE04EC0-301F-11D3-BF4B-00C04F79EFBC}") = "TestEngine", "TestEngine\TestEngine.csproj", "{8F9E2DDB-779E-4CAE-A762-CE1AE7B5C1C4}"
EndProject
Project("{2150E333-8FDC-42A3-9474-1A3956D46DE8}") = "Solution Items", "Solution Items", "{40BA0EA3-3525-49D0-B580-5F3FDA37E773}"
	ProjectSection(SolutionItems) = preProject
		README.txt = README.txt
	EndProjectSection
EndProject
Global
	GlobalSection(SolutionConfigurationPlatforms) = preSolution
		Debug|Any CPU = Debug|Any CPU
		Release|Any CPU = Release|Any CPU
	EndGlobalSection
	GlobalSection(ProjectConfigurationPlatforms) = postSolution
		{B719AB71-516F-4B7D-BD40-87B9A90E93F5}.Debug|Any CPU.ActiveCfg = Debug|Any CPU
		{B719AB71-516F-4B7D-BD40-87B9A90E93F5}.Debug|Any CPU.Build.0 = Debug|Any CPU
		{B719AB71-516F-4B7D-BD40-87B9A90E93F5}.Release|Any CPU.ActiveCfg = Release|Any CPU
		{B719AB71-516F-4B7D-BD40-87B9A90E93F5}.Release|Any CPU.Build.0 = Release|Any CPU
		{BB4891EB-0C2C-4A6E-A548-212F815C8AE3}.Debug|Any CPU.ActiveCfg = Debug|Any CPU
		{BB4891EB-0C2C-4A6E-A548-212F815C8AE3}.Debug|Any CPU.Build.0 = Debug|Any CPU
		{BB4891EB-0C2C-4A6E-A548-212F815C8AE3}.Release|Any CPU.ActiveCfg = Release|Any CPU
		{BB4891EB-0C2C-4A6E-A548-212F815C8AE3}.Release|Any CPU.Build.0 = Release|Any CPU
		{8F9E2DDB-779E-4CAE-A762-CE1AE7B5C1C4}.Debug|Any CPU.ActiveCfg = Debug|Any CPU
		{8F9E2DDB-779E-4CAE-A762-CE1AE7B5C1C4}.Debug|Any CPU.Build.0 = Debug|Any CPU
		{8F9E2DDB-779E-4CAE-A762-CE1AE7B5C1C4}.Release|Any CPU.ActiveCfg = Release|Any CPU
		{8F9E2DDB-779E-4CAE-A762-CE1AE7B5C1C4}.Release|Any CPU.Build.0 = Release|Any CPU
	EndGlobalSection
	GlobalSection(SolutionProperties) = preSolution
		HideSolutionNode = FALSE
	EndGlobalSection
	GlobalSection(ExtensibilityGlobals) = postSolution
		SolutionGuid = {A7B05763-B88B-4790-8748-178533DAC780}
	EndGlobalSection
EndGlobal
